
Microsoft Visual Studio Solution File, Format Version 12.00
# Visual Studio Version 17
VisualStudioVersion = 17.3.32929.385
MinimumVisualStudioVersion = 10.0.40219.1
Project("{FAE04EC0-301F-11D3-BF4B-00C04F79EFBC}") = "ConsoleApp67", "ConsoleApp67\ConsoleApp67.csproj", "{61225A6C-A391-40CA-A913-C8021A86248D}"
EndProject
Global
	GlobalSection(SolutionConfigurationPlatforms) = preSolution
		Debug|Any CPU = Debug|Any CPU
		Release|Any CPU = Release|Any CPU
	EndGlobalSection
	GlobalSection(ProjectConfigurationPlatforms) = postSolution
		{61225A6C-A391-40CA-A913-C8021A86248D}.Debug|Any CPU.ActiveCfg = Debug|Any CPU
		{61225A6C-A391-40CA-A913-C8021A86248D}.Debug|Any CPU.Build.0 = Debug|Any CPU
		{61225A6C-A391-40CA-A913-C8021A86248D}.Release|Any CPU.ActiveCfg = Release|Any CPU
		{61225A6C-A391-40CA-A913-C8021A86248D}.Release|Any CPU.Build.0 = Release|Any CPU
	EndGlobalSection
	GlobalSection(SolutionProperties) = preSolution
		HideSolutionNode = FALSE
	EndGlobalSection
	GlobalSection(ExtensibilityGlobals) = postSolution
		SolutionGuid = {7316F492-58D9-48E0-9C89-9BB676CD4FAB}
	EndGlobalSection
EndGlobal
